// !$*UTF8*$!
{
	archiveVersion = 1;
	classes = {
	};
	objectVersion = 46;
	objects = {

/* Begin PBXBuildFile section */
		294DD167D8FE43FEA301633B /* libPods.a in Frameworks */ = {isa = PBXBuildFile; fileRef = A5AEF7053C72407287DA3BC2 /* libPods.a */; };
		B200573C18D1E7F50025C69F /* zillker.png in Resources */ = {isa = PBXBuildFile; fileRef = B200573B18D1E7F50025C69F /* zillker.png */; };
		B200573F18D1EE3F0025C69F /* ZPZoomableImage.m in Sources */ = {isa = PBXBuildFile; fileRef = B200573E18D1EE3F0025C69F /* ZPZoomableImage.m */; };
		B29631CC18CF347000213E8F /* Foundation.framework in Frameworks */ = {isa = PBXBuildFile; fileRef = B29631CB18CF347000213E8F /* Foundation.framework */; };
		B29631CE18CF347000213E8F /* CoreGraphics.framework in Frameworks */ = {isa = PBXBuildFile; fileRef = B29631CD18CF347000213E8F /* CoreGraphics.framework */; };
		B29631D018CF347000213E8F /* UIKit.framework in Frameworks */ = {isa = PBXBuildFile; fileRef = B29631CF18CF347000213E8F /* UIKit.framework */; };
		B29631D618CF347000213E8F /* InfoPlist.strings in Resources */ = {isa = PBXBuildFile; fileRef = B29631D418CF347000213E8F /* InfoPlist.strings */; };
		B29631D818CF347000213E8F /* main.m in Sources */ = {isa = PBXBuildFile; fileRef = B29631D718CF347000213E8F /* main.m */; };
		B29631DC18CF347000213E8F /* ZWAppDelegate.m in Sources */ = {isa = PBXBuildFile; fileRef = B29631DB18CF347000213E8F /* ZWAppDelegate.m */; };
		B29631DF18CF347000213E8F /* Main.storyboard in Resources */ = {isa = PBXBuildFile; fileRef = B29631DD18CF347000213E8F /* Main.storyboard */; };
		B29631E218CF347000213E8F /* ZWViewController.m in Sources */ = {isa = PBXBuildFile; fileRef = B29631E118CF347000213E8F /* ZWViewController.m */; };
		B29631E418CF347000213E8F /* Images.xcassets in Resources */ = {isa = PBXBuildFile; fileRef = B29631E318CF347000213E8F /* Images.xcassets */; };
		B29631EB18CF347100213E8F /* XCTest.framework in Frameworks */ = {isa = PBXBuildFile; fileRef = B29631EA18CF347100213E8F /* XCTest.framework */; };
		B29631EC18CF347100213E8F /* Foundation.framework in Frameworks */ = {isa = PBXBuildFile; fileRef = B29631CB18CF347000213E8F /* Foundation.framework */; };
		B29631ED18CF347100213E8F /* UIKit.framework in Frameworks */ = {isa = PBXBuildFile; fileRef = B29631CF18CF347000213E8F /* UIKit.framework */; };
		B29631F518CF347100213E8F /* InfoPlist.strings in Resources */ = {isa = PBXBuildFile; fileRef = B29631F318CF347100213E8F /* InfoPlist.strings */; };
		B29631F718CF347100213E8F /* ZilkerParkTests.m in Sources */ = {isa = PBXBuildFile; fileRef = B29631F618CF347100213E8F /* ZilkerParkTests.m */; };
		B296320118CF395800213E8F /* Parse.framework in Frameworks */ = {isa = PBXBuildFile; fileRef = B296320018CF395800213E8F /* Parse.framework */; };
		B296320318CF39B500213E8F /* AudioToolbox.framework in Frameworks */ = {isa = PBXBuildFile; fileRef = B296320218CF39B500213E8F /* AudioToolbox.framework */; };
		B296320518CF39BD00213E8F /* CFNetwork.framework in Frameworks */ = {isa = PBXBuildFile; fileRef = B296320418CF39BD00213E8F /* CFNetwork.framework */; };
		B296320718CF39C800213E8F /* CoreLocation.framework in Frameworks */ = {isa = PBXBuildFile; fileRef = B296320618CF39C800213E8F /* CoreLocation.framework */; };
		B296320918CF39D000213E8F /* libz.dylib in Frameworks */ = {isa = PBXBuildFile; fileRef = B296320818CF39D000213E8F /* libz.dylib */; };
		B296320B18CF39D900213E8F /* MobileCoreServices.framework in Frameworks */ = {isa = PBXBuildFile; fileRef = B296320A18CF39D900213E8F /* MobileCoreServices.framework */; };
		B296320D18CF39DE00213E8F /* QuartzCore.framework in Frameworks */ = {isa = PBXBuildFile; fileRef = B296320C18CF39DE00213E8F /* QuartzCore.framework */; };
		B296320F18CF39E300213E8F /* Security.framework in Frameworks */ = {isa = PBXBuildFile; fileRef = B296320E18CF39E300213E8F /* Security.framework */; };
		B296321118CF39E800213E8F /* StoreKit.framework in Frameworks */ = {isa = PBXBuildFile; fileRef = B296321018CF39E800213E8F /* StoreKit.framework */; };
		B296321318CF39EF00213E8F /* SystemConfiguration.framework in Frameworks */ = {isa = PBXBuildFile; fileRef = B296321218CF39EF00213E8F /* SystemConfiguration.framework */; };
		B296321518CF3C2700213E8F /* Oosterpark_field_of_grass.JPG in Resources */ = {isa = PBXBuildFile; fileRef = B296321418CF3C2700213E8F /* Oosterpark_field_of_grass.JPG */; };
		B29B154B18D881B8007FB75F /* ZWPinDrop.m in Sources */ = {isa = PBXBuildFile; fileRef = B29B154A18D881B8007FB75F /* ZWPinDrop.m */; };
		B2B7134E18D883D100AAF098 /* ZWPinDrop.xib in Resources */ = {isa = PBXBuildFile; fileRef = B2B7134D18D883D100AAF098 /* ZWPinDrop.xib */; };
		B2B7135018D88AD600AAF098 /* README.md in Resources */ = {isa = PBXBuildFile; fileRef = B2B7134F18D88AD600AAF098 /* README.md */; };
		B2BE55AF18D7D46E00776AB8 /* FacebookSDK.framework in Frameworks */ = {isa = PBXBuildFile; fileRef = B2BE55AE18D7D46E00776AB8 /* FacebookSDK.framework */; };
/* End PBXBuildFile section */

/* Begin PBXContainerItemProxy section */
		B29631EE18CF347100213E8F /* PBXContainerItemProxy */ = {
			isa = PBXContainerItemProxy;
			containerPortal = B29631C018CF347000213E8F /* Project object */;
			proxyType = 1;
			remoteGlobalIDString = B29631C718CF347000213E8F;
			remoteInfo = ZilkerPark;
		};
/* End PBXContainerItemProxy section */

/* Begin PBXFileReference section */
		41CAF92960014572866ADAC7 /* Pods.xcconfig */ = {isa = PBXFileReference; includeInIndex = 1; lastKnownFileType = text.xcconfig; name = Pods.xcconfig; path = Pods/Pods.xcconfig; sourceTree = "<group>"; };
		A5AEF7053C72407287DA3BC2 /* libPods.a */ = {isa = PBXFileReference; explicitFileType = archive.ar; includeInIndex = 0; path = libPods.a; sourceTree = BUILT_PRODUCTS_DIR; };
		B200573B18D1E7F50025C69F /* zillker.png */ = {isa = PBXFileReference; lastKnownFileType = image.png; path = zillker.png; sourceTree = "<group>"; };
		B200573D18D1EE3F0025C69F /* ZPZoomableImage.h */ = {isa = PBXFileReference; fileEncoding = 4; lastKnownFileType = sourcecode.c.h; path = ZPZoomableImage.h; sourceTree = "<group>"; };
		B200573E18D1EE3F0025C69F /* ZPZoomableImage.m */ = {isa = PBXFileReference; fileEncoding = 4; lastKnownFileType = sourcecode.c.objc; path = ZPZoomableImage.m; sourceTree = "<group>"; };
		B29631C818CF347000213E8F /* ZilkerPark.app */ = {isa = PBXFileReference; explicitFileType = wrapper.application; includeInIndex = 0; path = ZilkerPark.app; sourceTree = BUILT_PRODUCTS_DIR; };
		B29631CB18CF347000213E8F /* Foundation.framework */ = {isa = PBXFileReference; lastKnownFileType = wrapper.framework; name = Foundation.framework; path = System/Library/Frameworks/Foundation.framework; sourceTree = SDKROOT; };
		B29631CD18CF347000213E8F /* CoreGraphics.framework */ = {isa = PBXFileReference; lastKnownFileType = wrapper.framework; name = CoreGraphics.framework; path = System/Library/Frameworks/CoreGraphics.framework; sourceTree = SDKROOT; };
		B29631CF18CF347000213E8F /* UIKit.framework */ = {isa = PBXFileReference; lastKnownFileType = wrapper.framework; name = UIKit.framework; path = System/Library/Frameworks/UIKit.framework; sourceTree = SDKROOT; };
		B29631D318CF347000213E8F /* ZilkerPark-Info.plist */ = {isa = PBXFileReference; lastKnownFileType = text.plist.xml; path = "ZilkerPark-Info.plist"; sourceTree = "<group>"; };
		B29631D518CF347000213E8F /* en */ = {isa = PBXFileReference; lastKnownFileType = text.plist.strings; name = en; path = en.lproj/InfoPlist.strings; sourceTree = "<group>"; };
		B29631D718CF347000213E8F /* main.m */ = {isa = PBXFileReference; lastKnownFileType = sourcecode.c.objc; path = main.m; sourceTree = "<group>"; };
		B29631D918CF347000213E8F /* ZilkerPark-Prefix.pch */ = {isa = PBXFileReference; lastKnownFileType = sourcecode.c.h; path = "ZilkerPark-Prefix.pch"; sourceTree = "<group>"; };
		B29631DA18CF347000213E8F /* ZWAppDelegate.h */ = {isa = PBXFileReference; lastKnownFileType = sourcecode.c.h; path = ZWAppDelegate.h; sourceTree = "<group>"; };
		B29631DB18CF347000213E8F /* ZWAppDelegate.m */ = {isa = PBXFileReference; lastKnownFileType = sourcecode.c.objc; path = ZWAppDelegate.m; sourceTree = "<group>"; };
		B29631DE18CF347000213E8F /* Base */ = {isa = PBXFileReference; lastKnownFileType = file.storyboard; name = Base; path = Base.lproj/Main.storyboard; sourceTree = "<group>"; };
		B29631E018CF347000213E8F /* ZWViewController.h */ = {isa = PBXFileReference; lastKnownFileType = sourcecode.c.h; path = ZWViewController.h; sourceTree = "<group>"; };
		B29631E118CF347000213E8F /* ZWViewController.m */ = {isa = PBXFileReference; lastKnownFileType = sourcecode.c.objc; path = ZWViewController.m; sourceTree = "<group>"; };
		B29631E318CF347000213E8F /* Images.xcassets */ = {isa = PBXFileReference; lastKnownFileType = folder.assetcatalog; path = Images.xcassets; sourceTree = "<group>"; };
		B29631E918CF347100213E8F /* ZilkerParkTests.xctest */ = {isa = PBXFileReference; explicitFileType = wrapper.cfbundle; includeInIndex = 0; path = ZilkerParkTests.xctest; sourceTree = BUILT_PRODUCTS_DIR; };
		B29631EA18CF347100213E8F /* XCTest.framework */ = {isa = PBXFileReference; lastKnownFileType = wrapper.framework; name = XCTest.framework; path = Library/Frameworks/XCTest.framework; sourceTree = DEVELOPER_DIR; };
		B29631F218CF347100213E8F /* ZilkerParkTests-Info.plist */ = {isa = PBXFileReference; lastKnownFileType = text.plist.xml; path = "ZilkerParkTests-Info.plist"; sourceTree = "<group>"; };
		B29631F418CF347100213E8F /* en */ = {isa = PBXFileReference; lastKnownFileType = text.plist.strings; name = en; path = en.lproj/InfoPlist.strings; sourceTree = "<group>"; };
		B29631F618CF347100213E8F /* ZilkerParkTests.m */ = {isa = PBXFileReference; lastKnownFileType = sourcecode.c.objc; path = ZilkerParkTests.m; sourceTree = "<group>"; };
		B296320018CF395800213E8F /* Parse.framework */ = {isa = PBXFileReference; lastKnownFileType = wrapper.framework; path = Parse.framework; sourceTree = "<group>"; };
		B296320218CF39B500213E8F /* AudioToolbox.framework */ = {isa = PBXFileReference; lastKnownFileType = wrapper.framework; name = AudioToolbox.framework; path = System/Library/Frameworks/AudioToolbox.framework; sourceTree = SDKROOT; };
		B296320418CF39BD00213E8F /* CFNetwork.framework */ = {isa = PBXFileReference; lastKnownFileType = wrapper.framework; name = CFNetwork.framework; path = System/Library/Frameworks/CFNetwork.framework; sourceTree = SDKROOT; };
		B296320618CF39C800213E8F /* CoreLocation.framework */ = {isa = PBXFileReference; lastKnownFileType = wrapper.framework; name = CoreLocation.framework; path = System/Library/Frameworks/CoreLocation.framework; sourceTree = SDKROOT; };
		B296320818CF39D000213E8F /* libz.dylib */ = {isa = PBXFileReference; lastKnownFileType = "compiled.mach-o.dylib"; name = libz.dylib; path = usr/lib/libz.dylib; sourceTree = SDKROOT; };
		B296320A18CF39D900213E8F /* MobileCoreServices.framework */ = {isa = PBXFileReference; lastKnownFileType = wrapper.framework; name = MobileCoreServices.framework; path = System/Library/Frameworks/MobileCoreServices.framework; sourceTree = SDKROOT; };
		B296320C18CF39DE00213E8F /* QuartzCore.framework */ = {isa = PBXFileReference; lastKnownFileType = wrapper.framework; name = QuartzCore.framework; path = System/Library/Frameworks/QuartzCore.framework; sourceTree = SDKROOT; };
		B296320E18CF39E300213E8F /* Security.framework */ = {isa = PBXFileReference; lastKnownFileType = wrapper.framework; name = Security.framework; path = System/Library/Frameworks/Security.framework; sourceTree = SDKROOT; };
		B296321018CF39E800213E8F /* StoreKit.framework */ = {isa = PBXFileReference; lastKnownFileType = wrapper.framework; name = StoreKit.framework; path = System/Library/Frameworks/StoreKit.framework; sourceTree = SDKROOT; };
		B296321218CF39EF00213E8F /* SystemConfiguration.framework */ = {isa = PBXFileReference; lastKnownFileType = wrapper.framework; name = SystemConfiguration.framework; path = System/Library/Frameworks/SystemConfiguration.framework; sourceTree = SDKROOT; };
		B296321418CF3C2700213E8F /* Oosterpark_field_of_grass.JPG */ = {isa = PBXFileReference; lastKnownFileType = image.jpeg; path = Oosterpark_field_of_grass.JPG; sourceTree = "<group>"; };
		B29B154918D881B8007FB75F /* ZWPinDrop.h */ = {isa = PBXFileReference; fileEncoding = 4; lastKnownFileType = sourcecode.c.h; path = ZWPinDrop.h; sourceTree = "<group>"; };
		B29B154A18D881B8007FB75F /* ZWPinDrop.m */ = {isa = PBXFileReference; fileEncoding = 4; lastKnownFileType = sourcecode.c.objc; path = ZWPinDrop.m; sourceTree = "<group>"; };
		B2B7134D18D883D100AAF098 /* ZWPinDrop.xib */ = {isa = PBXFileReference; fileEncoding = 4; lastKnownFileType = file.xib; path = ZWPinDrop.xib; sourceTree = "<group>"; };
		B2B7134F18D88AD600AAF098 /* README.md */ = {isa = PBXFileReference; fileEncoding = 4; lastKnownFileType = text; path = README.md; sourceTree = "<group>"; };
		B2BE55AE18D7D46E00776AB8 /* FacebookSDK.framework */ = {isa = PBXFileReference; lastKnownFileType = wrapper.framework; path = FacebookSDK.framework; sourceTree = "<group>"; };
/* End PBXFileReference section */

/* Begin PBXFrameworksBuildPhase section */
		B29631C518CF347000213E8F /* Frameworks */ = {
			isa = PBXFrameworksBuildPhase;
			buildActionMask = 2147483647;
			files = (
				B296321318CF39EF00213E8F /* SystemConfiguration.framework in Frameworks */,
				B296321118CF39E800213E8F /* StoreKit.framework in Frameworks */,
				B296320F18CF39E300213E8F /* Security.framework in Frameworks */,
				B296320D18CF39DE00213E8F /* QuartzCore.framework in Frameworks */,
				B296320B18CF39D900213E8F /* MobileCoreServices.framework in Frameworks */,
				B296320918CF39D000213E8F /* libz.dylib in Frameworks */,
				B296320718CF39C800213E8F /* CoreLocation.framework in Frameworks */,
				B29631CE18CF347000213E8F /* CoreGraphics.framework in Frameworks */,
				B296320518CF39BD00213E8F /* CFNetwork.framework in Frameworks */,
				B296320318CF39B500213E8F /* AudioToolbox.framework in Frameworks */,
				B29631D018CF347000213E8F /* UIKit.framework in Frameworks */,
				B29631CC18CF347000213E8F /* Foundation.framework in Frameworks */,
				B296320118CF395800213E8F /* Parse.framework in Frameworks */,
				B2BE55AF18D7D46E00776AB8 /* FacebookSDK.framework in Frameworks */,
				294DD167D8FE43FEA301633B /* libPods.a in Frameworks */,
			);
			runOnlyForDeploymentPostprocessing = 0;
		};
		B29631E618CF347100213E8F /* Frameworks */ = {
			isa = PBXFrameworksBuildPhase;
			buildActionMask = 2147483647;
			files = (
				B29631EB18CF347100213E8F /* XCTest.framework in Frameworks */,
				B29631ED18CF347100213E8F /* UIKit.framework in Frameworks */,
				B29631EC18CF347100213E8F /* Foundation.framework in Frameworks */,
			);
			runOnlyForDeploymentPostprocessing = 0;
		};
/* End PBXFrameworksBuildPhase section */

/* Begin PBXGroup section */
		B29631BF18CF347000213E8F = {
			isa = PBXGroup;
			children = (
				B29631D118CF347000213E8F /* ZilkerPark */,
				B29631F018CF347100213E8F /* ZilkerParkTests */,
				B29631CA18CF347000213E8F /* Frameworks */,
				B29631C918CF347000213E8F /* Products */,
				41CAF92960014572866ADAC7 /* Pods.xcconfig */,
			);
			sourceTree = "<group>";
		};
		B29631C918CF347000213E8F /* Products */ = {
			isa = PBXGroup;
			children = (
				B29631C818CF347000213E8F /* ZilkerPark.app */,
				B29631E918CF347100213E8F /* ZilkerParkTests.xctest */,
			);
			name = Products;
			sourceTree = "<group>";
		};
		B29631CA18CF347000213E8F /* Frameworks */ = {
			isa = PBXGroup;
			children = (
				B2BE55AE18D7D46E00776AB8 /* FacebookSDK.framework */,
				B296321218CF39EF00213E8F /* SystemConfiguration.framework */,
				B296321018CF39E800213E8F /* StoreKit.framework */,
				B296320E18CF39E300213E8F /* Security.framework */,
				B296320C18CF39DE00213E8F /* QuartzCore.framework */,
				B296320A18CF39D900213E8F /* MobileCoreServices.framework */,
				B296320818CF39D000213E8F /* libz.dylib */,
				B296320618CF39C800213E8F /* CoreLocation.framework */,
				B296320418CF39BD00213E8F /* CFNetwork.framework */,
				B296320218CF39B500213E8F /* AudioToolbox.framework */,
				B296320018CF395800213E8F /* Parse.framework */,
				B29631CB18CF347000213E8F /* Foundation.framework */,
				B29631CD18CF347000213E8F /* CoreGraphics.framework */,
				B29631CF18CF347000213E8F /* UIKit.framework */,
				B29631EA18CF347100213E8F /* XCTest.framework */,
				A5AEF7053C72407287DA3BC2 /* libPods.a */,
			);
			name = Frameworks;
			sourceTree = "<group>";
		};
		B29631D118CF347000213E8F /* ZilkerPark */ = {
			isa = PBXGroup;
			children = (
				B29631DA18CF347000213E8F /* ZWAppDelegate.h */,
				B29631DB18CF347000213E8F /* ZWAppDelegate.m */,
				B29631DD18CF347000213E8F /* Main.storyboard */,
				B29631E018CF347000213E8F /* ZWViewController.h */,
				B29631E118CF347000213E8F /* ZWViewController.m */,
				B29631E318CF347000213E8F /* Images.xcassets */,
				B29631D218CF347000213E8F /* Supporting Files */,
				B200573D18D1EE3F0025C69F /* ZPZoomableImage.h */,
				B200573E18D1EE3F0025C69F /* ZPZoomableImage.m */,
				B29B154918D881B8007FB75F /* ZWPinDrop.h */,
				B29B154A18D881B8007FB75F /* ZWPinDrop.m */,
				B2B7134D18D883D100AAF098 /* ZWPinDrop.xib */,
				B2B7134F18D88AD600AAF098 /* README.md */,
			);
			path = ZilkerPark;
			sourceTree = "<group>";
		};
		B29631D218CF347000213E8F /* Supporting Files */ = {
			isa = PBXGroup;
			children = (
				B200573B18D1E7F50025C69F /* zillker.png */,
				B296321418CF3C2700213E8F /* Oosterpark_field_of_grass.JPG */,
				B29631D318CF347000213E8F /* ZilkerPark-Info.plist */,
				B29631D418CF347000213E8F /* InfoPlist.strings */,
				B29631D718CF347000213E8F /* main.m */,
				B29631D918CF347000213E8F /* ZilkerPark-Prefix.pch */,
			);
			name = "Supporting Files";
			sourceTree = "<group>";
		};
		B29631F018CF347100213E8F /* ZilkerParkTests */ = {
			isa = PBXGroup;
			children = (
				B29631F618CF347100213E8F /* ZilkerParkTests.m */,
				B29631F118CF347100213E8F /* Supporting Files */,
			);
			path = ZilkerParkTests;
			sourceTree = "<group>";
		};
		B29631F118CF347100213E8F /* Supporting Files */ = {
			isa = PBXGroup;
			children = (
				B29631F218CF347100213E8F /* ZilkerParkTests-Info.plist */,
				B29631F318CF347100213E8F /* InfoPlist.strings */,
			);
			name = "Supporting Files";
			sourceTree = "<group>";
		};
/* End PBXGroup section */

/* Begin PBXNativeTarget section */
		B29631C718CF347000213E8F /* ZilkerPark */ = {
			isa = PBXNativeTarget;
			buildConfigurationList = B29631FA18CF347100213E8F /* Build configuration list for PBXNativeTarget "ZilkerPark" */;
			buildPhases = (
				E27C97AB7BE645B4AFF1D7B3 /* Check Pods Manifest.lock */,
				B29631C418CF347000213E8F /* Sources */,
				B29631C518CF347000213E8F /* Frameworks */,
				B29631C618CF347000213E8F /* Resources */,
				75FA441054EF42E29A7DDB86 /* Copy Pods Resources */,
			);
			buildRules = (
			);
			dependencies = (
			);
			name = ZilkerPark;
			productName = ZilkerPark;
			productReference = B29631C818CF347000213E8F /* ZilkerPark.app */;
			productType = "com.apple.product-type.application";
		};
		B29631E818CF347100213E8F /* ZilkerParkTests */ = {
			isa = PBXNativeTarget;
			buildConfigurationList = B29631FD18CF347100213E8F /* Build configuration list for PBXNativeTarget "ZilkerParkTests" */;
			buildPhases = (
				B29631E518CF347100213E8F /* Sources */,
				B29631E618CF347100213E8F /* Frameworks */,
				B29631E718CF347100213E8F /* Resources */,
			);
			buildRules = (
			);
			dependencies = (
				B29631EF18CF347100213E8F /* PBXTargetDependency */,
			);
			name = ZilkerParkTests;
			productName = ZilkerParkTests;
			productReference = B29631E918CF347100213E8F /* ZilkerParkTests.xctest */;
			productType = "com.apple.product-type.bundle.unit-test";
		};
/* End PBXNativeTarget section */

/* Begin PBXProject section */
		B29631C018CF347000213E8F /* Project object */ = {
			isa = PBXProject;
			attributes = {
				CLASSPREFIX = ZW;
				LastUpgradeCheck = 0500;
				ORGANIZATIONNAME = "Zach Wentz";
				TargetAttributes = {
					B29631C718CF347000213E8F = {
						DevelopmentTeam = R5ZJYULRJA;
					};
					B29631E818CF347100213E8F = {
						TestTargetID = B29631C718CF347000213E8F;
					};
				};
			};
			buildConfigurationList = B29631C318CF347000213E8F /* Build configuration list for PBXProject "ZilkerPark" */;
			compatibilityVersion = "Xcode 3.2";
			developmentRegion = English;
			hasScannedForEncodings = 0;
			knownRegions = (
				en,
				Base,
			);
			mainGroup = B29631BF18CF347000213E8F;
			productRefGroup = B29631C918CF347000213E8F /* Products */;
			projectDirPath = "";
			projectRoot = "";
			targets = (
				B29631C718CF347000213E8F /* ZilkerPark */,
				B29631E818CF347100213E8F /* ZilkerParkTests */,
			);
		};
/* End PBXProject section */

/* Begin PBXResourcesBuildPhase section */
		B29631C618CF347000213E8F /* Resources */ = {
			isa = PBXResourcesBuildPhase;
			buildActionMask = 2147483647;
			files = (
				B296321518CF3C2700213E8F /* Oosterpark_field_of_grass.JPG in Resources */,
				B200573C18D1E7F50025C69F /* zillker.png in Resources */,
				B29631E418CF347000213E8F /* Images.xcassets in Resources */,
				B2B7135018D88AD600AAF098 /* README.md in Resources */,
				B2B7134E18D883D100AAF098 /* ZWPinDrop.xib in Resources */,
				B29631D618CF347000213E8F /* InfoPlist.strings in Resources */,
				B29631DF18CF347000213E8F /* Main.storyboard in Resources */,
			);
			runOnlyForDeploymentPostprocessing = 0;
		};
		B29631E718CF347100213E8F /* Resources */ = {
			isa = PBXResourcesBuildPhase;
			buildActionMask = 2147483647;
			files = (
				B29631F518CF347100213E8F /* InfoPlist.strings in Resources */,
			);
			runOnlyForDeploymentPostprocessing = 0;
		};
/* End PBXResourcesBuildPhase section */

/* Begin PBXShellScriptBuildPhase section */
		75FA441054EF42E29A7DDB86 /* Copy Pods Resources */ = {
			isa = PBXShellScriptBuildPhase;
			buildActionMask = 2147483647;
			files = (
			);
			inputPaths = (
			);
			name = "Copy Pods Resources";
			outputPaths = (
			);
			runOnlyForDeploymentPostprocessing = 0;
			shellPath = /bin/sh;
			shellScript = "\"${SRCROOT}/Pods/Pods-resources.sh\"\n";
			showEnvVarsInLog = 0;
		};
		E27C97AB7BE645B4AFF1D7B3 /* Check Pods Manifest.lock */ = {
			isa = PBXShellScriptBuildPhase;
			buildActionMask = 2147483647;
			files = (
			);
			inputPaths = (
			);
			name = "Check Pods Manifest.lock";
			outputPaths = (
			);
			runOnlyForDeploymentPostprocessing = 0;
			shellPath = /bin/sh;
			shellScript = "diff \"${PODS_ROOT}/../Podfile.lock\" \"${PODS_ROOT}/Manifest.lock\" > /dev/null\nif [[ $? != 0 ]] ; then\n    cat << EOM\nerror: The sandbox is not in sync with the Podfile.lock. Run 'pod install' or update your CocoaPods installation.\nEOM\n    exit 1\nfi\n";
			showEnvVarsInLog = 0;
		};
/* End PBXShellScriptBuildPhase section */

/* Begin PBXSourcesBuildPhase section */
		B29631C418CF347000213E8F /* Sources */ = {
			isa = PBXSourcesBuildPhase;
			buildActionMask = 2147483647;
			files = (
				B29B154B18D881B8007FB75F /* ZWPinDrop.m in Sources */,
				B29631D818CF347000213E8F /* main.m in Sources */,
				B29631DC18CF347000213E8F /* ZWAppDelegate.m in Sources */,
				B200573F18D1EE3F0025C69F /* ZPZoomableImage.m in Sources */,
				B29631E218CF347000213E8F /* ZWViewController.m in Sources */,
			);
			runOnlyForDeploymentPostprocessing = 0;
		};
		B29631E518CF347100213E8F /* Sources */ = {
			isa = PBXSourcesBuildPhase;
			buildActionMask = 2147483647;
			files = (
				B29631F718CF347100213E8F /* ZilkerParkTests.m in Sources */,
			);
			runOnlyForDeploymentPostprocessing = 0;
		};
/* End PBXSourcesBuildPhase section */

/* Begin PBXTargetDependency section */
		B29631EF18CF347100213E8F /* PBXTargetDependency */ = {
			isa = PBXTargetDependency;
			target = B29631C718CF347000213E8F /* ZilkerPark */;
			targetProxy = B29631EE18CF347100213E8F /* PBXContainerItemProxy */;
		};
/* End PBXTargetDependency section */

/* Begin PBXVariantGroup section */
		B29631D418CF347000213E8F /* InfoPlist.strings */ = {
			isa = PBXVariantGroup;
			children = (
				B29631D518CF347000213E8F /* en */,
			);
			name = InfoPlist.strings;
			sourceTree = "<group>";
		};
		B29631DD18CF347000213E8F /* Main.storyboard */ = {
			isa = PBXVariantGroup;
			children = (
				B29631DE18CF347000213E8F /* Base */,
			);
			name = Main.storyboard;
			sourceTree = "<group>";
		};
		B29631F318CF347100213E8F /* InfoPlist.strings */ = {
			isa = PBXVariantGroup;
			children = (
				B29631F418CF347100213E8F /* en */,
			);
			name = InfoPlist.strings;
			sourceTree = "<group>";
		};
/* End PBXVariantGroup section */

/* Begin XCBuildConfiguration section */
		B29631F818CF347100213E8F /* Debug */ = {
			isa = XCBuildConfiguration;
			buildSettings = {
				ALWAYS_SEARCH_USER_PATHS = NO;
				ARCHS = "$(ARCHS_STANDARD_INCLUDING_64_BIT)";
				CLANG_CXX_LANGUAGE_STANDARD = "gnu++0x";
				CLANG_CXX_LIBRARY = "libc++";
				CLANG_ENABLE_MODULES = YES;
				CLANG_ENABLE_OBJC_ARC = YES;
				CLANG_WARN_BOOL_CONVERSION = YES;
				CLANG_WARN_CONSTANT_CONVERSION = YES;
				CLANG_WARN_DIRECT_OBJC_ISA_USAGE = YES_ERROR;
				CLANG_WARN_EMPTY_BODY = YES;
				CLANG_WARN_ENUM_CONVERSION = YES;
				CLANG_WARN_INT_CONVERSION = YES;
				CLANG_WARN_OBJC_ROOT_CLASS = YES_ERROR;
				CLANG_WARN__DUPLICATE_METHOD_MATCH = YES;
				CODE_SIGN_IDENTITY = "iPhone Developer: Zachary Wentz (3VQ9ZT6797)";
				"CODE_SIGN_IDENTITY[sdk=iphoneos*]" = "iPhone Developer";
				COPY_PHASE_STRIP = NO;
				GCC_C_LANGUAGE_STANDARD = gnu99;
				GCC_DYNAMIC_NO_PIC = NO;
				GCC_OPTIMIZATION_LEVEL = 0;
				GCC_PREPROCESSOR_DEFINITIONS = (
					"DEBUG=1",
					"$(inherited)",
				);
				GCC_SYMBOLS_PRIVATE_EXTERN = NO;
				GCC_WARN_64_TO_32_BIT_CONVERSION = YES;
				GCC_WARN_ABOUT_RETURN_TYPE = YES_ERROR;
				GCC_WARN_UNDECLARED_SELECTOR = YES;
				GCC_WARN_UNINITIALIZED_AUTOS = YES;
				GCC_WARN_UNUSED_FUNCTION = YES;
				GCC_WARN_UNUSED_VARIABLE = YES;
				IPHONEOS_DEPLOYMENT_TARGET = 7.0;
				ONLY_ACTIVE_ARCH = YES;
				PROVISIONING_PROFILE = "7A7EC03A-0DB5-4700-B421-8A3571F3474D";
				SDKROOT = iphoneos;
			};
			name = Debug;
		};
		B29631F918CF347100213E8F /* Release */ = {
			isa = XCBuildConfiguration;
			buildSettings = {
				ALWAYS_SEARCH_USER_PATHS = NO;
				ARCHS = "$(ARCHS_STANDARD_INCLUDING_64_BIT)";
				CLANG_CXX_LANGUAGE_STANDARD = "gnu++0x";
				CLANG_CXX_LIBRARY = "libc++";
				CLANG_ENABLE_MODULES = YES;
				CLANG_ENABLE_OBJC_ARC = YES;
				CLANG_WARN_BOOL_CONVERSION = YES;
				CLANG_WARN_CONSTANT_CONVERSION = YES;
				CLANG_WARN_DIRECT_OBJC_ISA_USAGE = YES_ERROR;
				CLANG_WARN_EMPTY_BODY = YES;
				CLANG_WARN_ENUM_CONVERSION = YES;
				CLANG_WARN_INT_CONVERSION = YES;
				CLANG_WARN_OBJC_ROOT_CLASS = YES_ERROR;
				CLANG_WARN__DUPLICATE_METHOD_MATCH = YES;
				"CODE_SIGN_IDENTITY[sdk=iphoneos*]" = "iPhone Developer";
				COPY_PHASE_STRIP = YES;
				ENABLE_NS_ASSERTIONS = NO;
				GCC_C_LANGUAGE_STANDARD = gnu99;
				GCC_WARN_64_TO_32_BIT_CONVERSION = YES;
				GCC_WARN_ABOUT_RETURN_TYPE = YES_ERROR;
				GCC_WARN_UNDECLARED_SELECTOR = YES;
				GCC_WARN_UNINITIALIZED_AUTOS = YES;
				GCC_WARN_UNUSED_FUNCTION = YES;
				GCC_WARN_UNUSED_VARIABLE = YES;
				IPHONEOS_DEPLOYMENT_TARGET = 7.0;
				PROVISIONING_PROFILE = "7A7EC03A-0DB5-4700-B421-8A3571F3474D";
				SDKROOT = iphoneos;
				VALIDATE_PRODUCT = YES;
			};
			name = Release;
		};
		B29631FB18CF347100213E8F /* Debug */ = {
			isa = XCBuildConfiguration;
			baseConfigurationReference = 41CAF92960014572866ADAC7 /* Pods.xcconfig */;
			buildSettings = {
				ASSETCATALOG_COMPILER_APPICON_NAME = AppIcon;
				ASSETCATALOG_COMPILER_LAUNCHIMAGE_NAME = LaunchImage;
				CODE_SIGN_IDENTITY = "";
				"CODE_SIGN_IDENTITY[sdk=iphoneos*]" = "iPhone Developer";
				FRAMEWORK_SEARCH_PATHS = (
					"$(inherited)",
					/Users/zkwentz/Development/ZilkerPark,
					"$(PROJECT_DIR)",
				);
				GCC_PRECOMPILE_PREFIX_HEADER = YES;
				GCC_PREFIX_HEADER = "ZilkerPark/ZilkerPark-Prefix.pch";
				INFOPLIST_FILE = "ZilkerPark/ZilkerPark-Info.plist";
				PRODUCT_NAME = "$(TARGET_NAME)";
				PROVISIONING_PROFILE = "";
				WRAPPER_EXTENSION = app;
			};
			name = Debug;
		};
		B29631FC18CF347100213E8F /* Release */ = {
			isa = XCBuildConfiguration;
			baseConfigurationReference = 41CAF92960014572866ADAC7 /* Pods.xcconfig */;
			buildSettings = {
				ASSETCATALOG_COMPILER_APPICON_NAME = AppIcon;
				ASSETCATALOG_COMPILER_LAUNCHIMAGE_NAME = LaunchImage;
				CODE_SIGN_IDENTITY = "";
				"CODE_SIGN_IDENTITY[sdk=iphoneos*]" = "iPhone Developer";
				FRAMEWORK_SEARCH_PATHS = (
					"$(inherited)",
					/Users/zkwentz/Development/ZilkerPark,
					"$(PROJECT_DIR)",
				);
				GCC_PRECOMPILE_PREFIX_HEADER = YES;
				GCC_PREFIX_HEADER = "ZilkerPark/ZilkerPark-Prefix.pch";
				INFOPLIST_FILE = "ZilkerPark/ZilkerPark-Info.plist";
				PRODUCT_NAME = "$(TARGET_NAME)";
				PROVISIONING_PROFILE = "";
				WRAPPER_EXTENSION = app;
			};
			name = Release;
		};
		B29631FE18CF347100213E8F /* Debug */ = {
			isa = XCBuildConfiguration;
			buildSettings = {
				ARCHS = "$(ARCHS_STANDARD_INCLUDING_64_BIT)";
				BUNDLE_LOADER = "$(BUILT_PRODUCTS_DIR)/ZilkerPark.app/ZilkerPark";
				FRAMEWORK_SEARCH_PATHS = (
					"$(SDKROOT)/Developer/Library/Frameworks",
					"$(inherited)",
					"$(DEVELOPER_FRAMEWORKS_DIR)",
				);
				GCC_PRECOMPILE_PREFIX_HEADER = YES;
				GCC_PREFIX_HEADER = "ZilkerPark/ZilkerPark-Prefix.pch";
				GCC_PREPROCESSOR_DEFINITIONS = (
					"DEBUG=1",
					"$(inherited)",
				);
				INFOPLIST_FILE = "ZilkerParkTests/ZilkerParkTests-Info.plist";
				PRODUCT_NAME = "$(TARGET_NAME)";
				TEST_HOST = "$(BUNDLE_LOADER)";
				WRAPPER_EXTENSION = xctest;
			};
			name = Debug;
		};
		B29631FF18CF347100213E8F /* Release */ = {
			isa = XCBuildConfiguration;
			buildSettings = {
				ARCHS = "$(ARCHS_STANDARD_INCLUDING_64_BIT)";
				BUNDLE_LOADER = "$(BUILT_PRODUCTS_DIR)/ZilkerPark.app/ZilkerPark";
				FRAMEWORK_SEARCH_PATHS = (
					"$(SDKROOT)/Developer/Library/Frameworks",
					"$(inherited)",
					"$(DEVELOPER_FRAMEWORKS_DIR)",
				);
				GCC_PRECOMPILE_PREFIX_HEADER = YES;
				GCC_PREFIX_HEADER = "ZilkerPark/ZilkerPark-Prefix.pch";
				INFOPLIST_FILE = "ZilkerParkTests/ZilkerParkTests-Info.plist";
				PRODUCT_NAME = "$(TARGET_NAME)";
				TEST_HOST = "$(BUNDLE_LOADER)";
				WRAPPER_EXTENSION = xctest;
			};
			name = Release;
		};
/* End XCBuildConfiguration section */

/* Begin XCConfigurationList section */
		B29631C318CF347000213E8F /* Build configuration list for PBXProject "ZilkerPark" */ = {
			isa = XCConfigurationList;
			buildConfigurations = (
				B29631F818CF347100213E8F /* Debug */,
				B29631F918CF347100213E8F /* Release */,
			);
			defaultConfigurationIsVisible = 0;
			defaultConfigurationName = Release;
		};
		B29631FA18CF347100213E8F /* Build configuration list for PBXNativeTarget "ZilkerPark" */ = {
			isa = XCConfigurationList;
			buildConfigurations = (
				B29631FB18CF347100213E8F /* Debug */,
				B29631FC18CF347100213E8F /* Release */,
			);
			defaultConfigurationIsVisible = 0;
			defaultConfigurationName = Release;
		};
		B29631FD18CF347100213E8F /* Build configuration list for PBXNativeTarget "ZilkerParkTests" */ = {
			isa = XCConfigurationList;
			buildConfigurations = (
				B29631FE18CF347100213E8F /* Debug */,
				B29631FF18CF347100213E8F /* Release */,
			);
			defaultConfigurationIsVisible = 0;
			defaultConfigurationName = Release;
		};
/* End XCConfigurationList section */
	};
	rootObject = B29631C018CF347000213E8F /* Project object */;
}
